
Microsoft Visual Studio Solution File, Format Version 12.00
# Visual Studio 15
VisualStudioVersion = 15.0.28307.1585
MinimumVisualStudioVersion = 10.0.40219.1
Project("{FAE04EC0-301F-11D3-BF4B-00C04F79EFBC}") = "28", "28\28.csproj", "{120D8F0A-22AF-4546-9CA8-4BACC5474659}"
EndProject
Project("{FAE04EC0-301F-11D3-BF4B-00C04F79EFBC}") = "29", "29\29.csproj", "{52E0F5B8-6FF5-4EAA-A243-FC35D9F51F55}"
EndProject
Project("{FAE04EC0-301F-11D3-BF4B-00C04F79EFBC}") = "30", "30\30.csproj", "{EB749D32-3483-4651-B33E-F68EDF4B5FCC}"
EndProject
Project("{FAE04EC0-301F-11D3-BF4B-00C04F79EFBC}") = "31", "31\31.csproj", "{DA498ED1-B589-4608-8AC9-2332DD510513}"
EndProject
Project("{FAE04EC0-301F-11D3-BF4B-00C04F79EFBC}") = "32", "32\32.csproj", "{6E8BFEDF-B0FB-45BB-9A47-CFAAAB885410}"
EndProject
Project("{FAE04EC0-301F-11D3-BF4B-00C04F79EFBC}") = "33", "33\33.csproj", "{4BB5650C-8D0D-4809-BA33-2A4876DA8FC2}"
EndProject
Project("{FAE04EC0-301F-11D3-BF4B-00C04F79EFBC}") = "34", "34\34.csproj", "{3C438E22-3E8C-4F25-9365-4828C5CD402D}"
EndProject
Project("{FAE04EC0-301F-11D3-BF4B-00C04F79EFBC}") = "35", "35\35.csproj", "{AF51A8F5-E6C5-46F2-9C0D-D87DAE92F32D}"
EndProject
Project("{FAE04EC0-301F-11D3-BF4B-00C04F79EFBC}") = "36", "36\36.csproj", "{4218D75E-74F4-42DB-85C7-CFB0905167BF}"
EndProject
Project("{FAE04EC0-301F-11D3-BF4B-00C04F79EFBC}") = "37", "337\37.csproj", "{EE8D8AE2-0F0B-4389-8CD0-5DDD077058E0}"
EndProject
Global
	GlobalSection(SolutionConfigurationPlatforms) = preSolution
		Debug|Any CPU = Debug|Any CPU
		Release|Any CPU = Release|Any CPU
	EndGlobalSection
	GlobalSection(ProjectConfigurationPlatforms) = postSolution
		{120D8F0A-22AF-4546-9CA8-4BACC5474659}.Debug|Any CPU.ActiveCfg = Debug|Any CPU
		{120D8F0A-22AF-4546-9CA8-4BACC5474659}.Debug|Any CPU.Build.0 = Debug|Any CPU
		{120D8F0A-22AF-4546-9CA8-4BACC5474659}.Release|Any CPU.ActiveCfg = Release|Any CPU
		{120D8F0A-22AF-4546-9CA8-4BACC5474659}.Release|Any CPU.Build.0 = Release|Any CPU
		{52E0F5B8-6FF5-4EAA-A243-FC35D9F51F55}.Debug|Any CPU.ActiveCfg = Debug|Any CPU
		{52E0F5B8-6FF5-4EAA-A243-FC35D9F51F55}.Debug|Any CPU.Build.0 = Debug|Any CPU
		{52E0F5B8-6FF5-4EAA-A243-FC35D9F51F55}.Release|Any CPU.ActiveCfg = Release|Any CPU
		{52E0F5B8-6FF5-4EAA-A243-FC35D9F51F55}.Release|Any CPU.Build.0 = Release|Any CPU
		{EB749D32-3483-4651-B33E-F68EDF4B5FCC}.Debug|Any CPU.ActiveCfg = Debug|Any CPU
		{EB749D32-3483-4651-B33E-F68EDF4B5FCC}.Debug|Any CPU.Build.0 = Debug|Any CPU
		{EB749D32-3483-4651-B33E-F68EDF4B5FCC}.Release|Any CPU.ActiveCfg = Release|Any CPU
		{EB749D32-3483-4651-B33E-F68EDF4B5FCC}.Release|Any CPU.Build.0 = Release|Any CPU
		{DA498ED1-B589-4608-8AC9-2332DD510513}.Debug|Any CPU.ActiveCfg = Debug|Any CPU
		{DA498ED1-B589-4608-8AC9-2332DD510513}.Debug|Any CPU.Build.0 = Debug|Any CPU
		{DA498ED1-B589-4608-8AC9-2332DD510513}.Release|Any CPU.ActiveCfg = Release|Any CPU
		{DA498ED1-B589-4608-8AC9-2332DD510513}.Release|Any CPU.Build.0 = Release|Any CPU
		{6E8BFEDF-B0FB-45BB-9A47-CFAAAB885410}.Debug|Any CPU.ActiveCfg = Debug|Any CPU
		{6E8BFEDF-B0FB-45BB-9A47-CFAAAB885410}.Debug|Any CPU.Build.0 = Debug|Any CPU
		{6E8BFEDF-B0FB-45BB-9A47-CFAAAB885410}.Release|Any CPU.ActiveCfg = Release|Any CPU
		{6E8BFEDF-B0FB-45BB-9A47-CFAAAB885410}.Release|Any CPU.Build.0 = Release|Any CPU
		{4BB5650C-8D0D-4809-BA33-2A4876DA8FC2}.Debug|Any CPU.ActiveCfg = Debug|Any CPU
		{4BB5650C-8D0D-4809-BA33-2A4876DA8FC2}.Debug|Any CPU.Build.0 = Debug|Any CPU
		{4BB5650C-8D0D-4809-BA33-2A4876DA8FC2}.Release|Any CPU.ActiveCfg = Release|Any CPU
		{4BB5650C-8D0D-4809-BA33-2A4876DA8FC2}.Release|Any CPU.Build.0 = Release|Any CPU
		{3C438E22-3E8C-4F25-9365-4828C5CD402D}.Debug|Any CPU.ActiveCfg = Debug|Any CPU
		{3C438E22-3E8C-4F25-9365-4828C5CD402D}.Debug|Any CPU.Build.0 = Debug|Any CPU
		{3C438E22-3E8C-4F25-9365-4828C5CD402D}.Release|Any CPU.ActiveCfg = Release|Any CPU
		{3C438E22-3E8C-4F25-9365-4828C5CD402D}.Release|Any CPU.Build.0 = Release|Any CPU
		{AF51A8F5-E6C5-46F2-9C0D-D87DAE92F32D}.Debug|Any CPU.ActiveCfg = Debug|Any CPU
		{AF51A8F5-E6C5-46F2-9C0D-D87DAE92F32D}.Debug|Any CPU.Build.0 = Debug|Any CPU
		{AF51A8F5-E6C5-46F2-9C0D-D87DAE92F32D}.Release|Any CPU.ActiveCfg = Release|Any CPU
		{AF51A8F5-E6C5-46F2-9C0D-D87DAE92F32D}.Release|Any CPU.Build.0 = Release|Any CPU
		{4218D75E-74F4-42DB-85C7-CFB0905167BF}.Debug|Any CPU.ActiveCfg = Debug|Any CPU
		{4218D75E-74F4-42DB-85C7-CFB0905167BF}.Debug|Any CPU.Build.0 = Debug|Any CPU
		{4218D75E-74F4-42DB-85C7-CFB0905167BF}.Release|Any CPU.ActiveCfg = Release|Any CPU
		{4218D75E-74F4-42DB-85C7-CFB0905167BF}.Release|Any CPU.Build.0 = Release|Any CPU
		{EE8D8AE2-0F0B-4389-8CD0-5DDD077058E0}.Debug|Any CPU.ActiveCfg = Debug|Any CPU
		{EE8D8AE2-0F0B-4389-8CD0-5DDD077058E0}.Debug|Any CPU.Build.0 = Debug|Any CPU
		{EE8D8AE2-0F0B-4389-8CD0-5DDD077058E0}.Release|Any CPU.ActiveCfg = Release|Any CPU
		{EE8D8AE2-0F0B-4389-8CD0-5DDD077058E0}.Release|Any CPU.Build.0 = Release|Any CPU
	EndGlobalSection
	GlobalSection(SolutionProperties) = preSolution
		HideSolutionNode = FALSE
	EndGlobalSection
	GlobalSection(ExtensibilityGlobals) = postSolution
		SolutionGuid = {BF081B1B-D485-4748-8538-4D2D43C44405}
	EndGlobalSection
EndGlobal
